
Microsoft Visual Studio Solution File, Format Version 12.00
# Visual Studio Version 17
VisualStudioVersion = 17.1.32210.238
MinimumVisualStudioVersion = 10.0.40219.1
Project("{FAE04EC0-301F-11D3-BF4B-00C04F79EFBC}") = "TH_LAB3", "TH_LAB3\TH_LAB3.csproj", "{9F0D54F9-9795-48C2-842A-079420E5506B}"
EndProject
Global
	GlobalSection(SolutionConfigurationPlatforms) = preSolution
		Debug|Any CPU = Debug|Any CPU
		Release|Any CPU = Release|Any CPU
	EndGlobalSection
	GlobalSection(ProjectConfigurationPlatforms) = postSolution
		{9F0D54F9-9795-48C2-842A-079420E5506B}.Debug|Any CPU.ActiveCfg = Debug|Any CPU
		{9F0D54F9-9795-48C2-842A-079420E5506B}.Debug|Any CPU.Build.0 = Debug|Any CPU
		{9F0D54F9-9795-48C2-842A-079420E5506B}.Release|Any CPU.ActiveCfg = Release|Any CPU
		{9F0D54F9-9795-48C2-842A-079420E5506B}.Release|Any CPU.Build.0 = Release|Any CPU
	EndGlobalSection
	GlobalSection(SolutionProperties) = preSolution
		HideSolutionNode = FALSE
	EndGlobalSection
	GlobalSection(ExtensibilityGlobals) = postSolution
		SolutionGuid = {006293E9-BE1A-457B-95E6-7F53A6A75FAC}
	EndGlobalSection
EndGlobal
